
Microsoft Visual Studio Solution File, Format Version 12.00
# Visual Studio 2015
Project("{FAE04EC0-301F-11D3-BF4B-00C04F79EFBC}") = "TDEditor", "TDEditor.csproj", "{16E62510-26F7-83CE-CBF8-E183D70AE9EC}"
EndProject
Project("{FAE04EC0-301F-11D3-BF4B-00C04F79EFBC}") = "TDEditor.Editor", "TDEditor.Editor.csproj", "{5BC8EB90-1DC2-1431-E95A-AC03454838D0}"
EndProject
Global
	GlobalSection(SolutionConfigurationPlatforms) = preSolution
		Debug|Any CPU = Debug|Any CPU
		Release|Any CPU = Release|Any CPU
	EndGlobalSection
	GlobalSection(ProjectConfigurationPlatforms) = postSolution
		{16E62510-26F7-83CE-CBF8-E183D70AE9EC}.Debug|Any CPU.ActiveCfg = Debug|Any CPU
		{16E62510-26F7-83CE-CBF8-E183D70AE9EC}.Debug|Any CPU.Build.0 = Debug|Any CPU
		{16E62510-26F7-83CE-CBF8-E183D70AE9EC}.Release|Any CPU.ActiveCfg = Release|Any CPU
		{16E62510-26F7-83CE-CBF8-E183D70AE9EC}.Release|Any CPU.Build.0 = Release|Any CPU
		{5BC8EB90-1DC2-1431-E95A-AC03454838D0}.Debug|Any CPU.ActiveCfg = Debug|Any CPU
		{5BC8EB90-1DC2-1431-E95A-AC03454838D0}.Debug|Any CPU.Build.0 = Debug|Any CPU
		{5BC8EB90-1DC2-1431-E95A-AC03454838D0}.Release|Any CPU.ActiveCfg = Release|Any CPU
		{5BC8EB90-1DC2-1431-E95A-AC03454838D0}.Release|Any CPU.Build.0 = Release|Any CPU
	EndGlobalSection
	GlobalSection(SolutionProperties) = preSolution
		HideSolutionNode = FALSE
	EndGlobalSection
EndGlobal
